
Microsoft Visual Studio Solution File, Format Version 12.00
# Visual Studio 15
VisualStudioVersion = 15.0.28010.2003
MinimumVisualStudioVersion = 10.0.40219.1
Project("{9A19103F-16F7-4668-BE54-9A1E7A4F7556}") = "feedback", "feedback.csproj", "{9FD2895B-8412-4B82-9437-11B5179AA6C7}"
EndProject
Global
	GlobalSection(SolutionConfigurationPlatforms) = preSolution
		Debug|Any CPU = Debug|Any CPU
		Release|Any CPU = Release|Any CPU
	EndGlobalSection
	GlobalSection(ProjectConfigurationPlatforms) = postSolution
		{9FD2895B-8412-4B82-9437-11B5179AA6C7}.Debug|Any CPU.ActiveCfg = Debug|Any CPU
		{9FD2895B-8412-4B82-9437-11B5179AA6C7}.Debug|Any CPU.Build.0 = Debug|Any CPU
		{9FD2895B-8412-4B82-9437-11B5179AA6C7}.Release|Any CPU.ActiveCfg = Release|Any CPU
		{9FD2895B-8412-4B82-9437-11B5179AA6C7}.Release|Any CPU.Build.0 = Release|Any CPU
	EndGlobalSection
	GlobalSection(SolutionProperties) = preSolution
		HideSolutionNode = FALSE
	EndGlobalSection
	GlobalSection(ExtensibilityGlobals) = postSolution
		SolutionGuid = {1A6988A0-CD27-4103-A427-93A33105F610}
	EndGlobalSection
EndGlobal
